
Microsoft Visual Studio Solution File, Format Version 12.00
# Visual Studio 15
VisualStudioVersion = 15.0.28307.438
MinimumVisualStudioVersion = 10.0.40219.1
Project("{FAE04EC0-301F-11D3-BF4B-00C04F79EFBC}") = "Assignment1_Cars", "Assignment1_Cars\Assignment1_Cars.csproj", "{1A6492DF-48C4-4FCA-9965-4970A2C5E344}"
EndProject
Global
	GlobalSection(SolutionConfigurationPlatforms) = preSolution
		Debug|Any CPU = Debug|Any CPU
		Release|Any CPU = Release|Any CPU
	EndGlobalSection
	GlobalSection(ProjectConfigurationPlatforms) = postSolution
		{1A6492DF-48C4-4FCA-9965-4970A2C5E344}.Debug|Any CPU.ActiveCfg = Debug|Any CPU
		{1A6492DF-48C4-4FCA-9965-4970A2C5E344}.Debug|Any CPU.Build.0 = Debug|Any CPU
		{1A6492DF-48C4-4FCA-9965-4970A2C5E344}.Release|Any CPU.ActiveCfg = Release|Any CPU
		{1A6492DF-48C4-4FCA-9965-4970A2C5E344}.Release|Any CPU.Build.0 = Release|Any CPU
	EndGlobalSection
	GlobalSection(SolutionProperties) = preSolution
		HideSolutionNode = FALSE
	EndGlobalSection
	GlobalSection(ExtensibilityGlobals) = postSolution
		SolutionGuid = {6F7A61E4-016A-4AE1-8641-A7FFCBC33B45}
	EndGlobalSection
EndGlobal
